
Microsoft Visual Studio Solution File, Format Version 12.00
# Visual Studio Version 17
VisualStudioVersion = 17.3.32804.467
MinimumVisualStudioVersion = 10.0.40219.1
Project("{FAE04EC0-301F-11D3-BF4B-00C04F79EFBC}") = "SeaBattleWPF", "SeaBattleWPF\SeaBattleWPF.csproj", "{6C9D42F5-8D8A-41D8-9ACE-AF6C01D0EEBE}"
EndProject
Global
	GlobalSection(SolutionConfigurationPlatforms) = preSolution
		Debug|Any CPU = Debug|Any CPU
		Release|Any CPU = Release|Any CPU
	EndGlobalSection
	GlobalSection(ProjectConfigurationPlatforms) = postSolution
		{6C9D42F5-8D8A-41D8-9ACE-AF6C01D0EEBE}.Debug|Any CPU.ActiveCfg = Debug|Any CPU
		{6C9D42F5-8D8A-41D8-9ACE-AF6C01D0EEBE}.Debug|Any CPU.Build.0 = Debug|Any CPU
		{6C9D42F5-8D8A-41D8-9ACE-AF6C01D0EEBE}.Release|Any CPU.ActiveCfg = Release|Any CPU
		{6C9D42F5-8D8A-41D8-9ACE-AF6C01D0EEBE}.Release|Any CPU.Build.0 = Release|Any CPU
	EndGlobalSection
	GlobalSection(SolutionProperties) = preSolution
		HideSolutionNode = FALSE
	EndGlobalSection
	GlobalSection(ExtensibilityGlobals) = postSolution
		SolutionGuid = {4F329572-3FEB-47EC-A616-A79F76E566C7}
	EndGlobalSection
EndGlobal
